
Microsoft Visual Studio Solution File, Format Version 12.00
# Visual Studio Version 17
VisualStudioVersion = 17.0.31903.59
MinimumVisualStudioVersion = 10.0.40219.1
Project("{2150E333-8FDC-42A3-9474-1A3956D46DE8}") = "src", "src", "{827E0CD3-B72D-47B6-A68D-7590B98EB39B}"
EndProject
Project("{FAE04EC0-301F-11D3-BF4B-00C04F79EFBC}") = "NuvyntraLabs.NET.TimeKit", "src\NuvyntraLabs.NET.TimeKit\NuvyntraLabs.NET.TimeKit.csproj", "{FBF0BB4F-AFCC-4F22-BCBA-67B78B628114}"
EndProject
Project("{2150E333-8FDC-42A3-9474-1A3956D46DE8}") = "tests", "tests", "{0AB3BF05-4346-4AA6-1389-037BE0695223}"
EndProject
Project("{FAE04EC0-301F-11D3-BF4B-00C04F79EFBC}") = "NuvyntraLabs.NET.TimeKit.Tests", "tests\NuvyntraLabs.NET.TimeKit.Tests\NuvyntraLabs.NET.TimeKit.Tests.csproj", "{FB6A21F1-8C20-41A8-B087-E656FEE2C496}"
EndProject
Project("{2150E333-8FDC-42A3-9474-1A3956D46DE8}") = "samples", "samples", "{5D20AA90-6969-D8BD-9DCD-8634F4692FDA}"
EndProject
Project("{FAE04EC0-301F-11D3-BF4B-00C04F79EFBC}") = "TimeKit.Sample", "samples\TimeKit.Sample\TimeKit.Sample.csproj", "{1A8A10A4-85C8-4170-BB64-0A6384776E11}"
EndProject
Global
	GlobalSection(SolutionConfigurationPlatforms) = preSolution
		Debug|Any CPU = Debug|Any CPU
		Debug|x64 = Debug|x64
		Debug|x86 = Debug|x86
		Release|Any CPU = Release|Any CPU
		Release|x64 = Release|x64
		Release|x86 = Release|x86
	EndGlobalSection
	GlobalSection(ProjectConfigurationPlatforms) = postSolution
		{FBF0BB4F-AFCC-4F22-BCBA-67B78B628114}.Debug|Any CPU.ActiveCfg = Debug|Any CPU
		{FBF0BB4F-AFCC-4F22-BCBA-67B78B628114}.Debug|Any CPU.Build.0 = Debug|Any CPU
		{FBF0BB4F-AFCC-4F22-BCBA-67B78B628114}.Debug|x64.ActiveCfg = Debug|Any CPU
		{FBF0BB4F-AFCC-4F22-BCBA-67B78B628114}.Debug|x64.Build.0 = Debug|Any CPU
		{FBF0BB4F-AFCC-4F22-BCBA-67B78B628114}.Debug|x86.ActiveCfg = Debug|Any CPU
		{FBF0BB4F-AFCC-4F22-BCBA-67B78B628114}.Debug|x86.Build.0 = Debug|Any CPU
		{FBF0BB4F-AFCC-4F22-BCBA-67B78B628114}.Release|Any CPU.ActiveCfg = Release|Any CPU
		{FBF0BB4F-AFCC-4F22-BCBA-67B78B628114}.Release|Any CPU.Build.0 = Release|Any CPU
		{FBF0BB4F-AFCC-4F22-BCBA-67B78B628114}.Release|x64.ActiveCfg = Release|Any CPU
		{FBF0BB4F-AFCC-4F22-BCBA-67B78B628114}.Release|x64.Build.0 = Release|Any CPU
		{FBF0BB4F-AFCC-4F22-BCBA-67B78B628114}.Release|x86.ActiveCfg = Release|Any CPU
		{FBF0BB4F-AFCC-4F22-BCBA-67B78B628114}.Release|x86.Build.0 = Release|Any CPU
		{FB6A21F1-8C20-41A8-B087-E656FEE2C496}.Debug|Any CPU.ActiveCfg = Debug|Any CPU
		{FB6A21F1-8C20-41A8-B087-E656FEE2C496}.Debug|Any CPU.Build.0 = Debug|Any CPU
		{FB6A21F1-8C20-41A8-B087-E656FEE2C496}.Debug|x64.ActiveCfg = Debug|Any CPU
		{FB6A21F1-8C20-41A8-B087-E656FEE2C496}.Debug|x64.Build.0 = Debug|Any CPU
		{FB6A21F1-8C20-41A8-B087-E656FEE2C496}.Debug|x86.ActiveCfg = Debug|Any CPU
		{FB6A21F1-8C20-41A8-B087-E656FEE2C496}.Debug|x86.Build.0 = Debug|Any CPU
		{FB6A21F1-8C20-41A8-B087-E656FEE2C496}.Release|Any CPU.ActiveCfg = Release|Any CPU
		{FB6A21F1-8C20-41A8-B087-E656FEE2C496}.Release|Any CPU.Build.0 = Release|Any CPU
		{FB6A21F1-8C20-41A8-B087-E656FEE2C496}.Release|x64.ActiveCfg = Release|Any CPU
		{FB6A21F1-8C20-41A8-B087-E656FEE2C496}.Release|x64.Build.0 = Release|Any CPU
		{FB6A21F1-8C20-41A8-B087-E656FEE2C496}.Release|x86.ActiveCfg = Release|Any CPU
		{FB6A21F1-8C20-41A8-B087-E656FEE2C496}.Release|x86.Build.0 = Release|Any CPU
		{1A8A10A4-85C8-4170-BB64-0A6384776E11}.Debug|Any CPU.ActiveCfg = Debug|Any CPU
		{1A8A10A4-85C8-4170-BB64-0A6384776E11}.Debug|Any CPU.Build.0 = Debug|Any CPU
		{1A8A10A4-85C8-4170-BB64-0A6384776E11}.Debug|x64.ActiveCfg = Debug|Any CPU
		{1A8A10A4-85C8-4170-BB64-0A6384776E11}.Debug|x64.Build.0 = Debug|Any CPU
		{1A8A10A4-85C8-4170-BB64-0A6384776E11}.Debug|x86.ActiveCfg = Debug|Any CPU
		{1A8A10A4-85C8-4170-BB64-0A6384776E11}.Debug|x86.Build.0 = Debug|Any CPU
		{1A8A10A4-85C8-4170-BB64-0A6384776E11}.Release|Any CPU.ActiveCfg = Release|Any CPU
		{1A8A10A4-85C8-4170-BB64-0A6384776E11}.Release|Any CPU.Build.0 = Release|Any CPU
		{1A8A10A4-85C8-4170-BB64-0A6384776E11}.Release|x64.ActiveCfg = Release|Any CPU
		{1A8A10A4-85C8-4170-BB64-0A6384776E11}.Release|x64.Build.0 = Release|Any CPU
		{1A8A10A4-85C8-4170-BB64-0A6384776E11}.Release|x86.ActiveCfg = Release|Any CPU
		{1A8A10A4-85C8-4170-BB64-0A6384776E11}.Release|x86.Build.0 = Release|Any CPU
	EndGlobalSection
	GlobalSection(SolutionProperties) = preSolution
		HideSolutionNode = FALSE
	EndGlobalSection
	GlobalSection(NestedProjects) = preSolution
		{FBF0BB4F-AFCC-4F22-BCBA-67B78B628114} = {827E0CD3-B72D-47B6-A68D-7590B98EB39B}
		{FB6A21F1-8C20-41A8-B087-E656FEE2C496} = {0AB3BF05-4346-4AA6-1389-037BE0695223}
		{1A8A10A4-85C8-4170-BB64-0A6384776E11} = {5D20AA90-6969-D8BD-9DCD-8634F4692FDA}
	EndGlobalSection
EndGlobal
